
Microsoft Visual Studio Solution File, Format Version 12.00
# Visual Studio 2012
Project("{FAE04EC0-301F-11D3-BF4B-00C04F79EFBC}") = "Dapper-DAL", "Dapper-DAL.csproj", "{822D9C11-D326-44EF-A45A-EA9F0D8ADF91}"
EndProject
Project("{FAE04EC0-301F-11D3-BF4B-00C04F79EFBC}") = "TestDapperDal", "..\TestDapperDal\TestDapperDal.csproj", "{B4B406BD-0DEA-4FFD-8AEC-BB75360B13B8}"
EndProject
Project("{2150E333-8FDC-42A3-9474-1A3956D46DE8}") = ".nuget", ".nuget", "{B0AA3549-C281-4992-8BD0-B31BAE824A47}"
	ProjectSection(SolutionItems) = preProject
		.nuget\NuGet.Config = .nuget\NuGet.Config
		.nuget\NuGet.exe = .nuget\NuGet.exe
		.nuget\NuGet.targets = .nuget\NuGet.targets
	EndProjectSection
EndProject
Global
	GlobalSection(SolutionConfigurationPlatforms) = preSolution
		Debug|Any CPU = Debug|Any CPU
		Release|Any CPU = Release|Any CPU
	EndGlobalSection
	GlobalSection(ProjectConfigurationPlatforms) = postSolution
		{822D9C11-D326-44EF-A45A-EA9F0D8ADF91}.Debug|Any CPU.ActiveCfg = Debug|Any CPU
		{822D9C11-D326-44EF-A45A-EA9F0D8ADF91}.Debug|Any CPU.Build.0 = Debug|Any CPU
		{822D9C11-D326-44EF-A45A-EA9F0D8ADF91}.Release|Any CPU.ActiveCfg = Release|Any CPU
		{822D9C11-D326-44EF-A45A-EA9F0D8ADF91}.Release|Any CPU.Build.0 = Release|Any CPU
		{B4B406BD-0DEA-4FFD-8AEC-BB75360B13B8}.Debug|Any CPU.ActiveCfg = Debug|Any CPU
		{B4B406BD-0DEA-4FFD-8AEC-BB75360B13B8}.Debug|Any CPU.Build.0 = Debug|Any CPU
		{B4B406BD-0DEA-4FFD-8AEC-BB75360B13B8}.Release|Any CPU.ActiveCfg = Release|Any CPU
		{B4B406BD-0DEA-4FFD-8AEC-BB75360B13B8}.Release|Any CPU.Build.0 = Release|Any CPU
	EndGlobalSection
	GlobalSection(SolutionProperties) = preSolution
		HideSolutionNode = FALSE
	EndGlobalSection
EndGlobal
